
Microsoft Visual Studio Solution File, Format Version 12.00
# Visual Studio Version 16
VisualStudioVersion = 16.0.30611.23
MinimumVisualStudioVersion = 10.0.40219.1
Project("{FAE04EC0-301F-11D3-BF4B-00C04F79EFBC}") = "if-else", "if-else.csproj", "{884C1754-D6EF-4072-A717-2A3D7816785B}"
EndProject
Global
	GlobalSection(SolutionConfigurationPlatforms) = preSolution
		Debug|Any CPU = Debug|Any CPU
		Release|Any CPU = Release|Any CPU
	EndGlobalSection
	GlobalSection(ProjectConfigurationPlatforms) = postSolution
		{884C1754-D6EF-4072-A717-2A3D7816785B}.Debug|Any CPU.ActiveCfg = Debug|Any CPU
		{884C1754-D6EF-4072-A717-2A3D7816785B}.Debug|Any CPU.Build.0 = Debug|Any CPU
		{884C1754-D6EF-4072-A717-2A3D7816785B}.Release|Any CPU.ActiveCfg = Release|Any CPU
		{884C1754-D6EF-4072-A717-2A3D7816785B}.Release|Any CPU.Build.0 = Release|Any CPU
	EndGlobalSection
	GlobalSection(SolutionProperties) = preSolution
		HideSolutionNode = FALSE
	EndGlobalSection
	GlobalSection(ExtensibilityGlobals) = postSolution
		SolutionGuid = {CBF1A36D-C43D-494D-81F6-801E3ECC8893}
	EndGlobalSection
EndGlobal
