
Microsoft Visual Studio Solution File, Format Version 12.00
# Visual Studio Version 16
VisualStudioVersion = 16.0.30611.23
MinimumVisualStudioVersion = 10.0.40219.1
Project("{FAE04EC0-301F-11D3-BF4B-00C04F79EFBC}") = "math", "math.csproj", "{217A8FD3-273C-4B46-BC51-2272D9C87B1E}"
EndProject
Global
	GlobalSection(SolutionConfigurationPlatforms) = preSolution
		Debug|Any CPU = Debug|Any CPU
		Release|Any CPU = Release|Any CPU
	EndGlobalSection
	GlobalSection(ProjectConfigurationPlatforms) = postSolution
		{217A8FD3-273C-4B46-BC51-2272D9C87B1E}.Debug|Any CPU.ActiveCfg = Debug|Any CPU
		{217A8FD3-273C-4B46-BC51-2272D9C87B1E}.Debug|Any CPU.Build.0 = Debug|Any CPU
		{217A8FD3-273C-4B46-BC51-2272D9C87B1E}.Release|Any CPU.ActiveCfg = Release|Any CPU
		{217A8FD3-273C-4B46-BC51-2272D9C87B1E}.Release|Any CPU.Build.0 = Release|Any CPU
	EndGlobalSection
	GlobalSection(SolutionProperties) = preSolution
		HideSolutionNode = FALSE
	EndGlobalSection
	GlobalSection(ExtensibilityGlobals) = postSolution
		SolutionGuid = {88569961-3E5D-4C16-811E-BD7B34B9EFC9}
	EndGlobalSection
EndGlobal
